// !$*UTF8*$!
{
	archiveVersion = 1;
	classes = {
	};
	objectVersion = 51;
	objects = {

/* Begin PBXBuildFile section */
		2118B92B25ED7D59001C1382 /* PurchaseViewController.swift in Sources */ = {isa = PBXBuildFile; fileRef = 2118B92A25ED7D59001C1382 /* PurchaseViewController.swift */; };
		2118B92E25EE93B9001C1382 /* PurchaseManager.swift in Sources */ = {isa = PBXBuildFile; fileRef = 2118B92D25EE93B9001C1382 /* PurchaseManager.swift */; };
		2118B93525EFB035001C1382 /* CustomTabController.swift in Sources */ = {isa = PBXBuildFile; fileRef = 2118B93425EFB035001C1382 /* CustomTabController.swift */; };
		21200ED2256EBC6F00EE43B1 /* HeaderAboutCell.swift in Sources */ = {isa = PBXBuildFile; fileRef = 21200ED1256EBC6F00EE43B1 /* HeaderAboutCell.swift */; };
		21200ED5256EBC8C00EE43B1 /* AboutCell.swift in Sources */ = {isa = PBXBuildFile; fileRef = 21200ED4256EBC8C00EE43B1 /* AboutCell.swift */; };
		21200ED8256EBCE100EE43B1 /* InfoCellData.swift in Sources */ = {isa = PBXBuildFile; fileRef = 21200ED7256EBCE100EE43B1 /* InfoCellData.swift */; };
		21200EDC256EBD7600EE43B1 /* InfoModel.swift in Sources */ = {isa = PBXBuildFile; fileRef = 21200EDB256EBD7600EE43B1 /* InfoModel.swift */; };
		21465E6E253721D100910C86 /* InfoViewController.swift in Sources */ = {isa = PBXBuildFile; fileRef = 21465E6D253721D100910C86 /* InfoViewController.swift */; };
		219C632F25FA89E800053FD7 /* NavigationViewController.swift in Sources */ = {isa = PBXBuildFile; fileRef = 219C632E25FA89E800053FD7 /* NavigationViewController.swift */; };
		21AC9E642572E42300F4ABDF /* MapViewController.swift in Sources */ = {isa = PBXBuildFile; fileRef = 21AC9E632572E42300F4ABDF /* MapViewController.swift */; };
		21AC9E682572EA4A00F4ABDF /* NetworkModel.swift in Sources */ = {isa = PBXBuildFile; fileRef = 21AC9E672572EA4A00F4ABDF /* NetworkModel.swift */; };
		21AC9E6E2575AD3800F4ABDF /* SelectableLabel.swift in Sources */ = {isa = PBXBuildFile; fileRef = 21AC9E6D2575AD3800F4ABDF /* SelectableLabel.swift */; };
		21AD31D1256C588000A3B77E /* MainTableCell.swift in Sources */ = {isa = PBXBuildFile; fileRef = 21AD31D0256C588000A3B77E /* MainTableCell.swift */; };
		21F48CF6250040D2005E2646 /* AppDelegate.swift in Sources */ = {isa = PBXBuildFile; fileRef = 21F48CF5250040D2005E2646 /* AppDelegate.swift */; };
		21F48CF8250040D2005E2646 /* SceneDelegate.swift in Sources */ = {isa = PBXBuildFile; fileRef = 21F48CF7250040D2005E2646 /* SceneDelegate.swift */; };
		21F48CFA250040D2005E2646 /* MainViewController.swift in Sources */ = {isa = PBXBuildFile; fileRef = 21F48CF9250040D2005E2646 /* MainViewController.swift */; };
		21F48CFD250040D2005E2646 /* Main.storyboard in Resources */ = {isa = PBXBuildFile; fileRef = 21F48CFB250040D2005E2646 /* Main.storyboard */; };
		21F48CFF250040D4005E2646 /* Assets.xcassets in Resources */ = {isa = PBXBuildFile; fileRef = 21F48CFE250040D4005E2646 /* Assets.xcassets */; };
		21F48D02250040D4005E2646 /* LaunchScreen.storyboard in Resources */ = {isa = PBXBuildFile; fileRef = 21F48D00250040D4005E2646 /* LaunchScreen.storyboard */; };
		21FA9766251173DD001927E1 /* BridgeViewController.swift in Sources */ = {isa = PBXBuildFile; fileRef = 21FA9765251173DD001927E1 /* BridgeViewController.swift */; };
		21FA976A251BD0D2001927E1 /* Bridge.swift in Sources */ = {isa = PBXBuildFile; fileRef = 21FA9769251BD0D2001927E1 /* Bridge.swift */; };
		21FA976E251C04EE001927E1 /* Extensions.swift in Sources */ = {isa = PBXBuildFile; fileRef = 21FA976D251C04EE001927E1 /* Extensions.swift */; };
		21FA9771251CEC4C001927E1 /* FullScreenImageViewController.swift in Sources */ = {isa = PBXBuildFile; fileRef = 21FA976F251CEC4C001927E1 /* FullScreenImageViewController.swift */; };
		21FA9772251CEC4C001927E1 /* FullScreenImageViewController.xib in Resources */ = {isa = PBXBuildFile; fileRef = 21FA9770251CEC4C001927E1 /* FullScreenImageViewController.xib */; };
		6049CB66BF9744E9254FE13D /* Pods_LenOblBridge.framework in Frameworks */ = {isa = PBXBuildFile; fileRef = 892D597C0DB81027529C293C /* Pods_LenOblBridge.framework */; };
/* End PBXBuildFile section */

/* Begin PBXFileReference section */
		1F3071023D0D70CBCE2336AA /* Pods-LenOblBridge.release.xcconfig */ = {isa = PBXFileReference; includeInIndex = 1; lastKnownFileType = text.xcconfig; name = "Pods-LenOblBridge.release.xcconfig"; path = "Target Support Files/Pods-LenOblBridge/Pods-LenOblBridge.release.xcconfig"; sourceTree = "<group>"; };
		2118B92A25ED7D59001C1382 /* PurchaseViewController.swift */ = {isa = PBXFileReference; lastKnownFileType = sourcecode.swift; path = PurchaseViewController.swift; sourceTree = "<group>"; };
		2118B92D25EE93B9001C1382 /* PurchaseManager.swift */ = {isa = PBXFileReference; lastKnownFileType = sourcecode.swift; path = PurchaseManager.swift; sourceTree = "<group>"; };
		2118B93425EFB035001C1382 /* CustomTabController.swift */ = {isa = PBXFileReference; lastKnownFileType = sourcecode.swift; path = CustomTabController.swift; sourceTree = "<group>"; };
		21200ED1256EBC6F00EE43B1 /* HeaderAboutCell.swift */ = {isa = PBXFileReference; lastKnownFileType = sourcecode.swift; path = HeaderAboutCell.swift; sourceTree = "<group>"; };
		21200ED4256EBC8C00EE43B1 /* AboutCell.swift */ = {isa = PBXFileReference; lastKnownFileType = sourcecode.swift; path = AboutCell.swift; sourceTree = "<group>"; };
		21200ED7256EBCE100EE43B1 /* InfoCellData.swift */ = {isa = PBXFileReference; lastKnownFileType = sourcecode.swift; path = InfoCellData.swift; sourceTree = "<group>"; };
		21200EDB256EBD7600EE43B1 /* InfoModel.swift */ = {isa = PBXFileReference; lastKnownFileType = sourcecode.swift; path = InfoModel.swift; sourceTree = "<group>"; };
		21465E6D253721D100910C86 /* InfoViewController.swift */ = {isa = PBXFileReference; lastKnownFileType = sourcecode.swift; path = InfoViewController.swift; sourceTree = "<group>"; };
		219C632E25FA89E800053FD7 /* NavigationViewController.swift */ = {isa = PBXFileReference; lastKnownFileType = sourcecode.swift; path = NavigationViewController.swift; sourceTree = "<group>"; };
		21AC9E632572E42300F4ABDF /* MapViewController.swift */ = {isa = PBXFileReference; lastKnownFileType = sourcecode.swift; path = MapViewController.swift; sourceTree = "<group>"; };
		21AC9E672572EA4A00F4ABDF /* NetworkModel.swift */ = {isa = PBXFileReference; lastKnownFileType = sourcecode.swift; path = NetworkModel.swift; sourceTree = "<group>"; };
		21AC9E6D2575AD3800F4ABDF /* SelectableLabel.swift */ = {isa = PBXFileReference; lastKnownFileType = sourcecode.swift; path = SelectableLabel.swift; sourceTree = "<group>"; };
		21AD31D0256C588000A3B77E /* MainTableCell.swift */ = {isa = PBXFileReference; lastKnownFileType = sourcecode.swift; path = MainTableCell.swift; sourceTree = "<group>"; };
		21F48CF2250040D2005E2646 /* Мосты Ленобласти.app */ = {isa = PBXFileReference; explicitFileType = wrapper.application; includeInIndex = 0; path = "Мосты Ленобласти.app"; sourceTree = BUILT_PRODUCTS_DIR; };
		21F48CF5250040D2005E2646 /* AppDelegate.swift */ = {isa = PBXFileReference; lastKnownFileType = sourcecode.swift; path = AppDelegate.swift; sourceTree = "<group>"; };
		21F48CF7250040D2005E2646 /* SceneDelegate.swift */ = {isa = PBXFileReference; lastKnownFileType = sourcecode.swift; path = SceneDelegate.swift; sourceTree = "<group>"; };
		21F48CF9250040D2005E2646 /* MainViewController.swift */ = {isa = PBXFileReference; lastKnownFileType = sourcecode.swift; path = MainViewController.swift; sourceTree = "<group>"; };
		21F48CFC250040D2005E2646 /* Base */ = {isa = PBXFileReference; lastKnownFileType = file.storyboard; name = Base; path = Base.lproj/Main.storyboard; sourceTree = "<group>"; };
		21F48CFE250040D4005E2646 /* Assets.xcassets */ = {isa = PBXFileReference; lastKnownFileType = folder.assetcatalog; path = Assets.xcassets; sourceTree = "<group>"; };
		21F48D01250040D4005E2646 /* Base */ = {isa = PBXFileReference; lastKnownFileType = file.storyboard; name = Base; path = Base.lproj/LaunchScreen.storyboard; sourceTree = "<group>"; };
		21F48D03250040D4005E2646 /* Info.plist */ = {isa = PBXFileReference; lastKnownFileType = text.plist.xml; path = Info.plist; sourceTree = "<group>"; };
		21FA9765251173DD001927E1 /* BridgeViewController.swift */ = {isa = PBXFileReference; lastKnownFileType = sourcecode.swift; path = BridgeViewController.swift; sourceTree = "<group>"; };
		21FA9769251BD0D2001927E1 /* Bridge.swift */ = {isa = PBXFileReference; lastKnownFileType = sourcecode.swift; path = Bridge.swift; sourceTree = "<group>"; };
		21FA976D251C04EE001927E1 /* Extensions.swift */ = {isa = PBXFileReference; lastKnownFileType = sourcecode.swift; path = Extensions.swift; sourceTree = "<group>"; };
		21FA976F251CEC4C001927E1 /* FullScreenImageViewController.swift */ = {isa = PBXFileReference; lastKnownFileType = sourcecode.swift; path = FullScreenImageViewController.swift; sourceTree = "<group>"; };
		21FA9770251CEC4C001927E1 /* FullScreenImageViewController.xib */ = {isa = PBXFileReference; lastKnownFileType = file.xib; path = FullScreenImageViewController.xib; sourceTree = "<group>"; };
		329358CCB52E27082F6D5FD9 /* Pods-LenOblBridge.debug.xcconfig */ = {isa = PBXFileReference; includeInIndex = 1; lastKnownFileType = text.xcconfig; name = "Pods-LenOblBridge.debug.xcconfig"; path = "Target Support Files/Pods-LenOblBridge/Pods-LenOblBridge.debug.xcconfig"; sourceTree = "<group>"; };
		892D597C0DB81027529C293C /* Pods_LenOblBridge.framework */ = {isa = PBXFileReference; explicitFileType = wrapper.framework; includeInIndex = 0; path = Pods_LenOblBridge.framework; sourceTree = BUILT_PRODUCTS_DIR; };
/* End PBXFileReference section */

/* Begin PBXFrameworksBuildPhase section */
		21F48CEF250040D2005E2646 /* Frameworks */ = {
			isa = PBXFrameworksBuildPhase;
			buildActionMask = 2147483647;
			files = (
				6049CB66BF9744E9254FE13D /* Pods_LenOblBridge.framework in Frameworks */,
			);
			runOnlyForDeploymentPostprocessing = 0;
		};
/* End PBXFrameworksBuildPhase section */

/* Begin PBXGroup section */
		21200ECF256EBB9A00EE43B1 /* info */ = {
			isa = PBXGroup;
			children = (
				21200ED7256EBCE100EE43B1 /* InfoCellData.swift */,
				21200EDB256EBD7600EE43B1 /* InfoModel.swift */,
			);
			path = info;
			sourceTree = "<group>";
		};
		21AC9E662572EA3200F4ABDF /* network */ = {
			isa = PBXGroup;
			children = (
				21AC9E672572EA4A00F4ABDF /* NetworkModel.swift */,
			);
			path = network;
			sourceTree = "<group>";
		};
		21AC9E702576E6ED00F4ABDF /* view */ = {
			isa = PBXGroup;
			children = (
				21AD31D0256C588000A3B77E /* MainTableCell.swift */,
				21200ED4256EBC8C00EE43B1 /* AboutCell.swift */,
				21200ED1256EBC6F00EE43B1 /* HeaderAboutCell.swift */,
			);
			path = view;
			sourceTree = "<group>";
		};
		21F48CE9250040D2005E2646 = {
			isa = PBXGroup;
			children = (
				21F48CF4250040D2005E2646 /* LenOblBridge */,
				21F48CF3250040D2005E2646 /* Products */,
				67549096D431EBF3914E07F6 /* Pods */,
				8411EC523AA6E3AAF3C34FC2 /* Frameworks */,
			);
			sourceTree = "<group>";
		};
		21F48CF3250040D2005E2646 /* Products */ = {
			isa = PBXGroup;
			children = (
				21F48CF2250040D2005E2646 /* Мосты Ленобласти.app */,
			);
			name = Products;
			sourceTree = "<group>";
		};
		21F48CF4250040D2005E2646 /* LenOblBridge */ = {
			isa = PBXGroup;
			children = (
				21AC9E702576E6ED00F4ABDF /* view */,
				21F48D09250040E2005E2646 /* supportFiles */,
				21F48D11250046BB005E2646 /* controllers */,
				21F48CFB250040D2005E2646 /* Main.storyboard */,
				21F48D0C2500460E005E2646 /* models */,
				21F48CFE250040D4005E2646 /* Assets.xcassets */,
				21F48D03250040D4005E2646 /* Info.plist */,
				21AC9E662572EA3200F4ABDF /* network */,
				21FA977B2524A566001927E1 /* xib */,
			);
			path = LenOblBridge;
			sourceTree = "<group>";
		};
		21F48D09250040E2005E2646 /* supportFiles */ = {
			isa = PBXGroup;
			children = (
				21F48CF5250040D2005E2646 /* AppDelegate.swift */,
				21F48CF7250040D2005E2646 /* SceneDelegate.swift */,
				21F48D00250040D4005E2646 /* LaunchScreen.storyboard */,
				21FA976D251C04EE001927E1 /* Extensions.swift */,
				21AC9E6D2575AD3800F4ABDF /* SelectableLabel.swift */,
			);
			path = supportFiles;
			sourceTree = "<group>";
		};
		21F48D0C2500460E005E2646 /* models */ = {
			isa = PBXGroup;
			children = (
				21200ECF256EBB9A00EE43B1 /* info */,
				21FA9769251BD0D2001927E1 /* Bridge.swift */,
				2118B92D25EE93B9001C1382 /* PurchaseManager.swift */,
			);
			path = models;
			sourceTree = "<group>";
		};
		21F48D11250046BB005E2646 /* controllers */ = {
			isa = PBXGroup;
			children = (
				21F48CF9250040D2005E2646 /* MainViewController.swift */,
				21AC9E632572E42300F4ABDF /* MapViewController.swift */,
				219C632E25FA89E800053FD7 /* NavigationViewController.swift */,
				21FA9765251173DD001927E1 /* BridgeViewController.swift */,
				21FA976F251CEC4C001927E1 /* FullScreenImageViewController.swift */,
				21465E6D253721D100910C86 /* InfoViewController.swift */,
				2118B92A25ED7D59001C1382 /* PurchaseViewController.swift */,
				2118B93425EFB035001C1382 /* CustomTabController.swift */,
			);
			path = controllers;
			sourceTree = "<group>";
		};
		21FA977B2524A566001927E1 /* xib */ = {
			isa = PBXGroup;
			children = (
				21FA9770251CEC4C001927E1 /* FullScreenImageViewController.xib */,
			);
			path = xib;
			sourceTree = "<group>";
		};
		67549096D431EBF3914E07F6 /* Pods */ = {
			isa = PBXGroup;
			children = (
				329358CCB52E27082F6D5FD9 /* Pods-LenOblBridge.debug.xcconfig */,
				1F3071023D0D70CBCE2336AA /* Pods-LenOblBridge.release.xcconfig */,
			);
			path = Pods;
			sourceTree = "<group>";
		};
		8411EC523AA6E3AAF3C34FC2 /* Frameworks */ = {
			isa = PBXGroup;
			children = (
				892D597C0DB81027529C293C /* Pods_LenOblBridge.framework */,
			);
			name = Frameworks;
			sourceTree = "<group>";
		};
/* End PBXGroup section */

/* Begin PBXNativeTarget section */
		21F48CF1250040D2005E2646 /* LenOblBridge */ = {
			isa = PBXNativeTarget;
			buildConfigurationList = 21F48D06250040D4005E2646 /* Build configuration list for PBXNativeTarget "LenOblBridge" */;
			buildPhases = (
				5D96A33E9532FD3451B9736C /* [CP] Check Pods Manifest.lock */,
				21F48CEE250040D2005E2646 /* Sources */,
				21F48CEF250040D2005E2646 /* Frameworks */,
				21F48CF0250040D2005E2646 /* Resources */,
				BCBCF1D30414F7CE708E543E /* [CP] Embed Pods Frameworks */,
			);
			buildRules = (
			);
			dependencies = (
			);
			name = LenOblBridge;
			productName = LenOblBridge;
			productReference = 21F48CF2250040D2005E2646 /* Мосты Ленобласти.app */;
			productType = "com.apple.product-type.application";
		};
/* End PBXNativeTarget section */

/* Begin PBXProject section */
		21F48CEA250040D2005E2646 /* Project object */ = {
			isa = PBXProject;
			attributes = {
				LastSwiftUpdateCheck = 1160;
				LastUpgradeCheck = 1200;
				ORGANIZATIONNAME = "Yuriy Pashkov";
				TargetAttributes = {
					21F48CF1250040D2005E2646 = {
						CreatedOnToolsVersion = 11.6;
					};
				};
			};
			buildConfigurationList = 21F48CED250040D2005E2646 /* Build configuration list for PBXProject "LenOblBridge" */;
			compatibilityVersion = "Xcode 9.3";
			developmentRegion = en;
			hasScannedForEncodings = 0;
			knownRegions = (
				en,
				Base,
			);
			mainGroup = 21F48CE9250040D2005E2646;
			productRefGroup = 21F48CF3250040D2005E2646 /* Products */;
			projectDirPath = "";
			projectRoot = "";
			targets = (
				21F48CF1250040D2005E2646 /* LenOblBridge */,
			);
		};
/* End PBXProject section */

/* Begin PBXResourcesBuildPhase section */
		21F48CF0250040D2005E2646 /* Resources */ = {
			isa = PBXResourcesBuildPhase;
			buildActionMask = 2147483647;
			files = (
				21F48D02250040D4005E2646 /* LaunchScreen.storyboard in Resources */,
				21FA9772251CEC4C001927E1 /* FullScreenImageViewController.xib in Resources */,
				21F48CFF250040D4005E2646 /* Assets.xcassets in Resources */,
				21F48CFD250040D2005E2646 /* Main.storyboard in Resources */,
			);
			runOnlyForDeploymentPostprocessing = 0;
		};
/* End PBXResourcesBuildPhase section */

/* Begin PBXShellScriptBuildPhase section */
		5D96A33E9532FD3451B9736C /* [CP] Check Pods Manifest.lock */ = {
			isa = PBXShellScriptBuildPhase;
			buildActionMask = 2147483647;
			files = (
			);
			inputFileListPaths = (
			);
			inputPaths = (
				"${PODS_PODFILE_DIR_PATH}/Podfile.lock",
				"${PODS_ROOT}/Manifest.lock",
			);
			name = "[CP] Check Pods Manifest.lock";
			outputFileListPaths = (
			);
			outputPaths = (
				"$(DERIVED_FILE_DIR)/Pods-LenOblBridge-checkManifestLockResult.txt",
			);
			runOnlyForDeploymentPostprocessing = 0;
			shellPath = /bin/sh;
			shellScript = "diff \"${PODS_PODFILE_DIR_PATH}/Podfile.lock\" \"${PODS_ROOT}/Manifest.lock\" > /dev/null\nif [ $? != 0 ] ; then\n    # print error to STDERR\n    echo \"error: The sandbox is not in sync with the Podfile.lock. Run 'pod install' or update your CocoaPods installation.\" >&2\n    exit 1\nfi\n# This output is used by Xcode 'outputs' to avoid re-running this script phase.\necho \"SUCCESS\" > \"${SCRIPT_OUTPUT_FILE_0}\"\n";
			showEnvVarsInLog = 0;
		};
		BCBCF1D30414F7CE708E543E /* [CP] Embed Pods Frameworks */ = {
			isa = PBXShellScriptBuildPhase;
			buildActionMask = 2147483647;
			files = (
			);
			inputFileListPaths = (
				"${PODS_ROOT}/Target Support Files/Pods-LenOblBridge/Pods-LenOblBridge-frameworks-${CONFIGURATION}-input-files.xcfilelist",
			);
			name = "[CP] Embed Pods Frameworks";
			outputFileListPaths = (
				"${PODS_ROOT}/Target Support Files/Pods-LenOblBridge/Pods-LenOblBridge-frameworks-${CONFIGURATION}-output-files.xcfilelist",
			);
			runOnlyForDeploymentPostprocessing = 0;
			shellPath = /bin/sh;
			shellScript = "\"${PODS_ROOT}/Target Support Files/Pods-LenOblBridge/Pods-LenOblBridge-frameworks.sh\"\n";
			showEnvVarsInLog = 0;
		};
/* End PBXShellScriptBuildPhase section */

/* Begin PBXSourcesBuildPhase section */
		21F48CEE250040D2005E2646 /* Sources */ = {
			isa = PBXSourcesBuildPhase;
			buildActionMask = 2147483647;
			files = (
				21F48CFA250040D2005E2646 /* MainViewController.swift in Sources */,
				21465E6E253721D100910C86 /* InfoViewController.swift in Sources */,
				21FA9766251173DD001927E1 /* BridgeViewController.swift in Sources */,
				21F48CF6250040D2005E2646 /* AppDelegate.swift in Sources */,
				21FA9771251CEC4C001927E1 /* FullScreenImageViewController.swift in Sources */,
				21200EDC256EBD7600EE43B1 /* InfoModel.swift in Sources */,
				21FA976E251C04EE001927E1 /* Extensions.swift in Sources */,
				21AC9E682572EA4A00F4ABDF /* NetworkModel.swift in Sources */,
				219C632F25FA89E800053FD7 /* NavigationViewController.swift in Sources */,
				2118B93525EFB035001C1382 /* CustomTabController.swift in Sources */,
				21FA976A251BD0D2001927E1 /* Bridge.swift in Sources */,
				21AC9E6E2575AD3800F4ABDF /* SelectableLabel.swift in Sources */,
				21200ED2256EBC6F00EE43B1 /* HeaderAboutCell.swift in Sources */,
				21200ED5256EBC8C00EE43B1 /* AboutCell.swift in Sources */,
				2118B92E25EE93B9001C1382 /* PurchaseManager.swift in Sources */,
				21200ED8256EBCE100EE43B1 /* InfoCellData.swift in Sources */,
				21AD31D1256C588000A3B77E /* MainTableCell.swift in Sources */,
				21F48CF8250040D2005E2646 /* SceneDelegate.swift in Sources */,
				21AC9E642572E42300F4ABDF /* MapViewController.swift in Sources */,
				2118B92B25ED7D59001C1382 /* PurchaseViewController.swift in Sources */,
			);
			runOnlyForDeploymentPostprocessing = 0;
		};
/* End PBXSourcesBuildPhase section */

/* Begin PBXVariantGroup section */
		21F48CFB250040D2005E2646 /* Main.storyboard */ = {
			isa = PBXVariantGroup;
			children = (
				21F48CFC250040D2005E2646 /* Base */,
			);
			name = Main.storyboard;
			sourceTree = "<group>";
		};
		21F48D00250040D4005E2646 /* LaunchScreen.storyboard */ = {
			isa = PBXVariantGroup;
			children = (
				21F48D01250040D4005E2646 /* Base */,
			);
			name = LaunchScreen.storyboard;
			sourceTree = "<group>";
		};
/* End PBXVariantGroup section */

/* Begin XCBuildConfiguration section */
		21F48D04250040D4005E2646 /* Debug */ = {
			isa = XCBuildConfiguration;
			buildSettings = {
				ALWAYS_SEARCH_USER_PATHS = NO;
				CLANG_ANALYZER_NONNULL = YES;
				CLANG_ANALYZER_NUMBER_OBJECT_CONVERSION = YES_AGGRESSIVE;
				CLANG_CXX_LANGUAGE_STANDARD = "gnu++14";
				CLANG_CXX_LIBRARY = "libc++";
				CLANG_ENABLE_MODULES = YES;
				CLANG_ENABLE_OBJC_ARC = YES;
				CLANG_ENABLE_OBJC_WEAK = YES;
				CLANG_WARN_BLOCK_CAPTURE_AUTORELEASING = YES;
				CLANG_WARN_BOOL_CONVERSION = YES;
				CLANG_WARN_COMMA = YES;
				CLANG_WARN_CONSTANT_CONVERSION = YES;
				CLANG_WARN_DEPRECATED_OBJC_IMPLEMENTATIONS = YES;
				CLANG_WARN_DIRECT_OBJC_ISA_USAGE = YES_ERROR;
				CLANG_WARN_DOCUMENTATION_COMMENTS = YES;
				CLANG_WARN_EMPTY_BODY = YES;
				CLANG_WARN_ENUM_CONVERSION = YES;
				CLANG_WARN_INFINITE_RECURSION = YES;
				CLANG_WARN_INT_CONVERSION = YES;
				CLANG_WARN_NON_LITERAL_NULL_CONVERSION = YES;
				CLANG_WARN_OBJC_IMPLICIT_RETAIN_SELF = YES;
				CLANG_WARN_OBJC_LITERAL_CONVERSION = YES;
				CLANG_WARN_OBJC_ROOT_CLASS = YES_ERROR;
				CLANG_WARN_QUOTED_INCLUDE_IN_FRAMEWORK_HEADER = YES;
				CLANG_WARN_RANGE_LOOP_ANALYSIS = YES;
				CLANG_WARN_STRICT_PROTOTYPES = YES;
				CLANG_WARN_SUSPICIOUS_MOVE = YES;
				CLANG_WARN_UNGUARDED_AVAILABILITY = YES_AGGRESSIVE;
				CLANG_WARN_UNREACHABLE_CODE = YES;
				CLANG_WARN__DUPLICATE_METHOD_MATCH = YES;
				COPY_PHASE_STRIP = NO;
				DEBUG_INFORMATION_FORMAT = dwarf;
				ENABLE_STRICT_OBJC_MSGSEND = YES;
				ENABLE_TESTABILITY = YES;
				GCC_C_LANGUAGE_STANDARD = gnu11;
				GCC_DYNAMIC_NO_PIC = NO;
				GCC_NO_COMMON_BLOCKS = YES;
				GCC_OPTIMIZATION_LEVEL = 0;
				GCC_PREPROCESSOR_DEFINITIONS = (
					"DEBUG=1",
					"$(inherited)",
				);
				GCC_WARN_64_TO_32_BIT_CONVERSION = YES;
				GCC_WARN_ABOUT_RETURN_TYPE = YES_ERROR;
				GCC_WARN_UNDECLARED_SELECTOR = YES;
				GCC_WARN_UNINITIALIZED_AUTOS = YES_AGGRESSIVE;
				GCC_WARN_UNUSED_FUNCTION = YES;
				GCC_WARN_UNUSED_VARIABLE = YES;
				IPHONEOS_DEPLOYMENT_TARGET = 12.0;
				MTL_ENABLE_DEBUG_INFO = INCLUDE_SOURCE;
				MTL_FAST_MATH = YES;
				ONLY_ACTIVE_ARCH = YES;
				SDKROOT = iphoneos;
				SWIFT_ACTIVE_COMPILATION_CONDITIONS = DEBUG;
				SWIFT_OPTIMIZATION_LEVEL = "-Onone";
			};
			name = Debug;
		};
		21F48D05250040D4005E2646 /* Release */ = {
			isa = XCBuildConfiguration;
			buildSettings = {
				ALWAYS_SEARCH_USER_PATHS = NO;
				CLANG_ANALYZER_NONNULL = YES;
				CLANG_ANALYZER_NUMBER_OBJECT_CONVERSION = YES_AGGRESSIVE;
				CLANG_CXX_LANGUAGE_STANDARD = "gnu++14";
				CLANG_CXX_LIBRARY = "libc++";
				CLANG_ENABLE_MODULES = YES;
				CLANG_ENABLE_OBJC_ARC = YES;
				CLANG_ENABLE_OBJC_WEAK = YES;
				CLANG_WARN_BLOCK_CAPTURE_AUTORELEASING = YES;
				CLANG_WARN_BOOL_CONVERSION = YES;
				CLANG_WARN_COMMA = YES;
				CLANG_WARN_CONSTANT_CONVERSION = YES;
				CLANG_WARN_DEPRECATED_OBJC_IMPLEMENTATIONS = YES;
				CLANG_WARN_DIRECT_OBJC_ISA_USAGE = YES_ERROR;
				CLANG_WARN_DOCUMENTATION_COMMENTS = YES;
				CLANG_WARN_EMPTY_BODY = YES;
				CLANG_WARN_ENUM_CONVERSION = YES;
				CLANG_WARN_INFINITE_RECURSION = YES;
				CLANG_WARN_INT_CONVERSION = YES;
				CLANG_WARN_NON_LITERAL_NULL_CONVERSION = YES;
				CLANG_WARN_OBJC_IMPLICIT_RETAIN_SELF = YES;
				CLANG_WARN_OBJC_LITERAL_CONVERSION = YES;
				CLANG_WARN_OBJC_ROOT_CLASS = YES_ERROR;
				CLANG_WARN_QUOTED_INCLUDE_IN_FRAMEWORK_HEADER = YES;
				CLANG_WARN_RANGE_LOOP_ANALYSIS = YES;
				CLANG_WARN_STRICT_PROTOTYPES = YES;
				CLANG_WARN_SUSPICIOUS_MOVE = YES;
				CLANG_WARN_UNGUARDED_AVAILABILITY = YES_AGGRESSIVE;
				CLANG_WARN_UNREACHABLE_CODE = YES;
				CLANG_WARN__DUPLICATE_METHOD_MATCH = YES;
				COPY_PHASE_STRIP = NO;
				DEBUG_INFORMATION_FORMAT = "dwarf-with-dsym";
				ENABLE_NS_ASSERTIONS = NO;
				ENABLE_STRICT_OBJC_MSGSEND = YES;
				GCC_C_LANGUAGE_STANDARD = gnu11;
				GCC_NO_COMMON_BLOCKS = YES;
				GCC_WARN_64_TO_32_BIT_CONVERSION = YES;
				GCC_WARN_ABOUT_RETURN_TYPE = YES_ERROR;
				GCC_WARN_UNDECLARED_SELECTOR = YES;
				GCC_WARN_UNINITIALIZED_AUTOS = YES_AGGRESSIVE;
				GCC_WARN_UNUSED_FUNCTION = YES;
				GCC_WARN_UNUSED_VARIABLE = YES;
				IPHONEOS_DEPLOYMENT_TARGET = 12.0;
				MTL_ENABLE_DEBUG_INFO = NO;
				MTL_FAST_MATH = YES;
				SDKROOT = iphoneos;
				SWIFT_COMPILATION_MODE = wholemodule;
				SWIFT_OPTIMIZATION_LEVEL = "-O";
				VALIDATE_PRODUCT = YES;
			};
			name = Release;
		};
		21F48D07250040D4005E2646 /* Debug */ = {
			isa = XCBuildConfiguration;
			baseConfigurationReference = 329358CCB52E27082F6D5FD9 /* Pods-LenOblBridge.debug.xcconfig */;
			buildSettings = {
				ASSETCATALOG_COMPILER_APPICON_NAME = AppIcon;
				CODE_SIGN_STYLE = Automatic;
				CURRENT_PROJECT_VERSION = 1;
				DEVELOPMENT_TEAM = 4524FJSV52;
				INFOPLIST_FILE = LenOblBridge/Info.plist;
				IPHONEOS_DEPLOYMENT_TARGET = 12.0;
				LD_RUNPATH_SEARCH_PATHS = (
					"$(inherited)",
					"@executable_path/Frameworks",
				);
				MARKETING_VERSION = 1.0.3;
				PRODUCT_BUNDLE_IDENTIFIER = ru.myOrg.LenOblBridge;
				PRODUCT_NAME = "Мосты Ленобласти";
				SWIFT_VERSION = 5.0;
				TARGETED_DEVICE_FAMILY = 1;
			};
			name = Debug;
		};
		21F48D08250040D4005E2646 /* Release */ = {
			isa = XCBuildConfiguration;
			baseConfigurationReference = 1F3071023D0D70CBCE2336AA /* Pods-LenOblBridge.release.xcconfig */;
			buildSettings = {
				ASSETCATALOG_COMPILER_APPICON_NAME = AppIcon;
				CODE_SIGN_STYLE = Automatic;
				CURRENT_PROJECT_VERSION = 1;
				DEVELOPMENT_TEAM = 4524FJSV52;
				INFOPLIST_FILE = LenOblBridge/Info.plist;
				IPHONEOS_DEPLOYMENT_TARGET = 12.0;
				LD_RUNPATH_SEARCH_PATHS = (
					"$(inherited)",
					"@executable_path/Frameworks",
				);
				MARKETING_VERSION = 1.0.3;
				PRODUCT_BUNDLE_IDENTIFIER = ru.myOrg.LenOblBridge;
				PRODUCT_NAME = "Мосты Ленобласти";
				SWIFT_VERSION = 5.0;
				TARGETED_DEVICE_FAMILY = 1;
			};
			name = Release;
		};
/* End XCBuildConfiguration section */

/* Begin XCConfigurationList section */
		21F48CED250040D2005E2646 /* Build configuration list for PBXProject "LenOblBridge" */ = {
			isa = XCConfigurationList;
			buildConfigurations = (
				21F48D04250040D4005E2646 /* Debug */,
				21F48D05250040D4005E2646 /* Release */,
			);
			defaultConfigurationIsVisible = 0;
			defaultConfigurationName = Release;
		};
		21F48D06250040D4005E2646 /* Build configuration list for PBXNativeTarget "LenOblBridge" */ = {
			isa = XCConfigurationList;
			buildConfigurations = (
				21F48D07250040D4005E2646 /* Debug */,
				21F48D08250040D4005E2646 /* Release */,
			);
			defaultConfigurationIsVisible = 0;
			defaultConfigurationName = Release;
		};
/* End XCConfigurationList section */
	};
	rootObject = 21F48CEA250040D2005E2646 /* Project object */;
}
